{
  "requires": true,
  "lockfileVersion": 1,
  "dependencies": {
    "jsrmvi": {
      "version": "1.0.0",
      "resolved": "https://registry.npmjs.org/jsrmvi/-/jsrmvi-1.0.0.tgz",
      "integrity": "sha512-bzVCz+dIGFSwhEyQrlhjFw7/ywYU/mwBp/ixzKuAAiXuqoLJ322Ea1JgYZD4wzc2m2lqC+5kgJ/U47CpEWYU0g=="
    }
  }
}
